// !$*UTF8*$!
{
	archiveVersion = 1;
	classes = {
	};
	objectVersion = 46;
	objects = {

/* Begin PBXBuildFile section */
		B33FA1231E7010900031D94D /* DefinitionViewController.swift in Sources */ = {isa = PBXBuildFile; fileRef = B33FA1221E7010900031D94D /* DefinitionViewController.swift */; };
		B36A302E1E6E968F008AE309 /* AppDelegate.swift in Sources */ = {isa = PBXBuildFile; fileRef = B36A302D1E6E968F008AE309 /* AppDelegate.swift */; };
		B36A30301E6E968F008AE309 /* ViewController.swift in Sources */ = {isa = PBXBuildFile; fileRef = B36A302F1E6E968F008AE309 /* ViewController.swift */; };
		B36A30331E6E968F008AE309 /* Main.storyboard in Resources */ = {isa = PBXBuildFile; fileRef = B36A30311E6E968F008AE309 /* Main.storyboard */; };
		B36A30351E6E968F008AE309 /* Assets.xcassets in Resources */ = {isa = PBXBuildFile; fileRef = B36A30341E6E968F008AE309 /* Assets.xcassets */; };
		B36A30381E6E968F008AE309 /* LaunchScreen.storyboard in Resources */ = {isa = PBXBuildFile; fileRef = B36A30361E6E968F008AE309 /* LaunchScreen.storyboard */; };
/* End PBXBuildFile section */

/* Begin PBXFileReference section */
		B33FA1221E7010900031D94D /* DefinitionViewController.swift */ = {isa = PBXFileReference; fileEncoding = 4; lastKnownFileType = sourcecode.swift; path = DefinitionViewController.swift; sourceTree = "<group>"; };
		B36A302A1E6E968F008AE309 /* EmojiDictionary.app */ = {isa = PBXFileReference; explicitFileType = wrapper.application; includeInIndex = 0; path = EmojiDictionary.app; sourceTree = BUILT_PRODUCTS_DIR; };
		B36A302D1E6E968F008AE309 /* AppDelegate.swift */ = {isa = PBXFileReference; lastKnownFileType = sourcecode.swift; path = AppDelegate.swift; sourceTree = "<group>"; };
		B36A302F1E6E968F008AE309 /* ViewController.swift */ = {isa = PBXFileReference; lastKnownFileType = sourcecode.swift; path = ViewController.swift; sourceTree = "<group>"; };
		B36A30321E6E968F008AE309 /* Base */ = {isa = PBXFileReference; lastKnownFileType = file.storyboard; name = Base; path = Base.lproj/Main.storyboard; sourceTree = "<group>"; };
		B36A30341E6E968F008AE309 /* Assets.xcassets */ = {isa = PBXFileReference; lastKnownFileType = folder.assetcatalog; path = Assets.xcassets; sourceTree = "<group>"; };
		B36A30371E6E968F008AE309 /* Base */ = {isa = PBXFileReference; lastKnownFileType = file.storyboard; name = Base; path = Base.lproj/LaunchScreen.storyboard; sourceTree = "<group>"; };
		B36A30391E6E968F008AE309 /* Info.plist */ = {isa = PBXFileReference; lastKnownFileType = text.plist.xml; path = Info.plist; sourceTree = "<group>"; };
/* End PBXFileReference section */

/* Begin PBXFrameworksBuildPhase section */
		B36A30271E6E968E008AE309 /* Frameworks */ = {
			isa = PBXFrameworksBuildPhase;
			buildActionMask = 2147483647;
			files = (
			);
			runOnlyForDeploymentPostprocessing = 0;
		};
/* End PBXFrameworksBuildPhase section */

/* Begin PBXGroup section */
		B36A30211E6E968E008AE309 = {
			isa = PBXGroup;
			children = (
				B36A302C1E6E968F008AE309 /* EmojiDictionary */,
				B36A302B1E6E968F008AE309 /* Products */,
			);
			sourceTree = "<group>";
		};
		B36A302B1E6E968F008AE309 /* Products */ = {
			isa = PBXGroup;
			children = (
				B36A302A1E6E968F008AE309 /* EmojiDictionary.app */,
			);
			name = Products;
			sourceTree = "<group>";
		};
		B36A302C1E6E968F008AE309 /* EmojiDictionary */ = {
			isa = PBXGroup;
			children = (
				B36A302D1E6E968F008AE309 /* AppDelegate.swift */,
				B36A302F1E6E968F008AE309 /* ViewController.swift */,
				B33FA1221E7010900031D94D /* DefinitionViewController.swift */,
				B36A30311E6E968F008AE309 /* Main.storyboard */,
				B36A30341E6E968F008AE309 /* Assets.xcassets */,
				B36A30361E6E968F008AE309 /* LaunchScreen.storyboard */,
				B36A30391E6E968F008AE309 /* Info.plist */,
			);
			path = EmojiDictionary;
			sourceTree = "<group>";
		};
/* End PBXGroup section */

/* Begin PBXNativeTarget section */
		B36A30291E6E968E008AE309 /* EmojiDictionary */ = {
			isa = PBXNativeTarget;
			buildConfigurationList = B36A303C1E6E968F008AE309 /* Build configuration list for PBXNativeTarget "EmojiDictionary" */;
			buildPhases = (
				B36A30261E6E968E008AE309 /* Sources */,
				B36A30271E6E968E008AE309 /* Frameworks */,
				B36A30281E6E968E008AE309 /* Resources */,
			);
			buildRules = (
			);
			dependencies = (
			);
			name = EmojiDictionary;
			productName = EmojiDictionary;
			productReference = B36A302A1E6E968F008AE309 /* EmojiDictionary.app */;
			productType = "com.apple.product-type.application";
		};
/* End PBXNativeTarget section */

/* Begin PBXProject section */
		B36A30221E6E968E008AE309 /* Project object */ = {
			isa = PBXProject;
			attributes = {
				LastSwiftUpdateCheck = 0820;
				LastUpgradeCheck = 0820;
				ORGANIZATIONNAME = "Sergij Fartushniy";
				TargetAttributes = {
					B36A30291E6E968E008AE309 = {
						CreatedOnToolsVersion = 8.2.1;
						ProvisioningStyle = Automatic;
					};
				};
			};
			buildConfigurationList = B36A30251E6E968E008AE309 /* Build configuration list for PBXProject "EmojiDictionary" */;
			compatibilityVersion = "Xcode 3.2";
			developmentRegion = English;
			hasScannedForEncodings = 0;
			knownRegions = (
				en,
				Base,
			);
			mainGroup = B36A30211E6E968E008AE309;
			productRefGroup = B36A302B1E6E968F008AE309 /* Products */;
			projectDirPath = "";
			projectRoot = "";
			targets = (
				B36A30291E6E968E008AE309 /* EmojiDictionary */,
			);
		};
/* End PBXProject section */

/* Begin PBXResourcesBuildPhase section */
		B36A30281E6E968E008AE309 /* Resources */ = {
			isa = PBXResourcesBuildPhase;
			buildActionMask = 2147483647;
			files = (
				B36A30381E6E968F008AE309 /* LaunchScreen.storyboard in Resources */,
				B36A30351E6E968F008AE309 /* Assets.xcassets in Resources */,
				B36A30331E6E968F008AE309 /* Main.storyboard in Resources */,
			);
			runOnlyForDeploymentPostprocessing = 0;
		};
/* End PBXResourcesBuildPhase section */

/* Begin PBXSourcesBuildPhase section */
		B36A30261E6E968E008AE309 /* Sources */ = {
			isa = PBXSourcesBuildPhase;
			buildActionMask = 2147483647;
			files = (
				B36A30301E6E968F008AE309 /* ViewController.swift in Sources */,
				B33FA1231E7010900031D94D /* DefinitionViewController.swift in Sources */,
				B36A302E1E6E968F008AE309 /* AppDelegate.swift in Sources */,
			);
			runOnlyForDeploymentPostprocessing = 0;
		};
/* End PBXSourcesBuildPhase section */

/* Begin PBXVariantGroup section */
		B36A30311E6E968F008AE309 /* Main.storyboard */ = {
			isa = PBXVariantGroup;
			children = (
				B36A30321E6E968F008AE309 /* Base */,
			);
			name = Main.storyboard;
			sourceTree = "<group>";
		};
		B36A30361E6E968F008AE309 /* LaunchScreen.storyboard */ = {
			isa = PBXVariantGroup;
			children = (
				B36A30371E6E968F008AE309 /* Base */,
			);
			name = LaunchScreen.storyboard;
			sourceTree = "<group>";
		};
/* End PBXVariantGroup section */

/* Begin XCBuildConfiguration section */
		B36A303A1E6E968F008AE309 /* Debug */ = {
			isa = XCBuildConfiguration;
			buildSettings = {
				ALWAYS_SEARCH_USER_PATHS = NO;
				CLANG_ANALYZER_NONNULL = YES;
				CLANG_CXX_LANGUAGE_STANDARD = "gnu++0x";
				CLANG_CXX_LIBRARY = "libc++";
				CLANG_ENABLE_MODULES = YES;
				CLANG_ENABLE_OBJC_ARC = YES;
				CLANG_WARN_BOOL_CONVERSION = YES;
				CLANG_WARN_CONSTANT_CONVERSION = YES;
				CLANG_WARN_DIRECT_OBJC_ISA_USAGE = YES_ERROR;
				CLANG_WARN_DOCUMENTATION_COMMENTS = YES;
				CLANG_WARN_EMPTY_BODY = YES;
				CLANG_WARN_ENUM_CONVERSION = YES;
				CLANG_WARN_INFINITE_RECURSION = YES;
				CLANG_WARN_INT_CONVERSION = YES;
				CLANG_WARN_OBJC_ROOT_CLASS = YES_ERROR;
				CLANG_WARN_SUSPICIOUS_MOVE = YES;
				CLANG_WARN_UNREACHABLE_CODE = YES;
				CLANG_WARN__DUPLICATE_METHOD_MATCH = YES;
				"CODE_SIGN_IDENTITY[sdk=iphoneos*]" = "iPhone Developer";
				COPY_PHASE_STRIP = NO;
				DEBUG_INFORMATION_FORMAT = dwarf;
				ENABLE_STRICT_OBJC_MSGSEND = YES;
				ENABLE_TESTABILITY = YES;
				GCC_C_LANGUAGE_STANDARD = gnu99;
				GCC_DYNAMIC_NO_PIC = NO;
				GCC_NO_COMMON_BLOCKS = YES;
				GCC_OPTIMIZATION_LEVEL = 0;
				GCC_PREPROCESSOR_DEFINITIONS = (
					"DEBUG=1",
					"$(inherited)",
				);
				GCC_WARN_64_TO_32_BIT_CONVERSION = YES;
				GCC_WARN_ABOUT_RETURN_TYPE = YES_ERROR;
				GCC_WARN_UNDECLARED_SELECTOR = YES;
				GCC_WARN_UNINITIALIZED_AUTOS = YES_AGGRESSIVE;
				GCC_WARN_UNUSED_FUNCTION = YES;
				GCC_WARN_UNUSED_VARIABLE = YES;
				IPHONEOS_DEPLOYMENT_TARGET = 10.2;
				MTL_ENABLE_DEBUG_INFO = YES;
				ONLY_ACTIVE_ARCH = YES;
				SDKROOT = iphoneos;
				SWIFT_ACTIVE_COMPILATION_CONDITIONS = DEBUG;
				SWIFT_OPTIMIZATION_LEVEL = "-Onone";
				TARGETED_DEVICE_FAMILY = "1,2";
			};
			name = Debug;
		};
		B36A303B1E6E968F008AE309 /* Release */ = {
			isa = XCBuildConfiguration;
			buildSettings = {
				ALWAYS_SEARCH_USER_PATHS = NO;
				CLANG_ANALYZER_NONNULL = YES;
				CLANG_CXX_LANGUAGE_STANDARD = "gnu++0x";
				CLANG_CXX_LIBRARY = "libc++";
				CLANG_ENABLE_MODULES = YES;
				CLANG_ENABLE_OBJC_ARC = YES;
				CLANG_WARN_BOOL_CONVERSION = YES;
				CLANG_WARN_CONSTANT_CONVERSION = YES;
				CLANG_WARN_DIRECT_OBJC_ISA_USAGE = YES_ERROR;
				CLANG_WARN_DOCUMENTATION_COMMENTS = YES;
				CLANG_WARN_EMPTY_BODY = YES;
				CLANG_WARN_ENUM_CONVERSION = YES;
				CLANG_WARN_INFINITE_RECURSION = YES;
				CLANG_WARN_INT_CONVERSION = YES;
				CLANG_WARN_OBJC_ROOT_CLASS = YES_ERROR;
				CLANG_WARN_SUSPICIOUS_MOVE = YES;
				CLANG_WARN_UNREACHABLE_CODE = YES;
				CLANG_WARN__DUPLICATE_METHOD_MATCH = YES;
				"CODE_SIGN_IDENTITY[sdk=iphoneos*]" = "iPhone Developer";
				COPY_PHASE_STRIP = NO;
				DEBUG_INFORMATION_FORMAT = "dwarf-with-dsym";
				ENABLE_NS_ASSERTIONS = NO;
				ENABLE_STRICT_OBJC_MSGSEND = YES;
				GCC_C_LANGUAGE_STANDARD = gnu99;
				GCC_NO_COMMON_BLOCKS = YES;
				GCC_WARN_64_TO_32_BIT_CONVERSION = YES;
				GCC_WARN_ABOUT_RETURN_TYPE = YES_ERROR;
				GCC_WARN_UNDECLARED_SELECTOR = YES;
				GCC_WARN_UNINITIALIZED_AUTOS = YES_AGGRESSIVE;
				GCC_WARN_UNUSED_FUNCTION = YES;
				GCC_WARN_UNUSED_VARIABLE = YES;
				IPHONEOS_DEPLOYMENT_TARGET = 10.2;
				MTL_ENABLE_DEBUG_INFO = NO;
				SDKROOT = iphoneos;
				SWIFT_OPTIMIZATION_LEVEL = "-Owholemodule";
				TARGETED_DEVICE_FAMILY = "1,2";
				VALIDATE_PRODUCT = YES;
			};
			name = Release;
		};
		B36A303D1E6E968F008AE309 /* Debug */ = {
			isa = XCBuildConfiguration;
			buildSettings = {
				ASSETCATALOG_COMPILER_APPICON_NAME = AppIcon;
				INFOPLIST_FILE = EmojiDictionary/Info.plist;
				LD_RUNPATH_SEARCH_PATHS = "$(inherited) @executable_path/Frameworks";
				PRODUCT_BUNDLE_IDENTIFIER = com.far2shok.EmojiDictionary;
				PRODUCT_NAME = "$(TARGET_NAME)";
				SWIFT_VERSION = 3.0;
			};
			name = Debug;
		};
		B36A303E1E6E968F008AE309 /* Release */ = {
			isa = XCBuildConfiguration;
			buildSettings = {
				ASSETCATALOG_COMPILER_APPICON_NAME = AppIcon;
				INFOPLIST_FILE = EmojiDictionary/Info.plist;
				LD_RUNPATH_SEARCH_PATHS = "$(inherited) @executable_path/Frameworks";
				PRODUCT_BUNDLE_IDENTIFIER = com.far2shok.EmojiDictionary;
				PRODUCT_NAME = "$(TARGET_NAME)";
				SWIFT_VERSION = 3.0;
			};
			name = Release;
		};
/* End XCBuildConfiguration section */

/* Begin XCConfigurationList section */
		B36A30251E6E968E008AE309 /* Build configuration list for PBXProject "EmojiDictionary" */ = {
			isa = XCConfigurationList;
			buildConfigurations = (
				B36A303A1E6E968F008AE309 /* Debug */,
				B36A303B1E6E968F008AE309 /* Release */,
			);
			defaultConfigurationIsVisible = 0;
			defaultConfigurationName = Release;
		};
		B36A303C1E6E968F008AE309 /* Build configuration list for PBXNativeTarget "EmojiDictionary" */ = {
			isa = XCConfigurationList;
			buildConfigurations = (
				B36A303D1E6E968F008AE309 /* Debug */,
				B36A303E1E6E968F008AE309 /* Release */,
			);
			defaultConfigurationIsVisible = 0;
			defaultConfigurationName = Release;
		};
/* End XCConfigurationList section */
	};
	rootObject = B36A30221E6E968E008AE309 /* Project object */;
}
